NeoBundleLock MatchTag 6dfdab1530d47b77a1839b9477f27c33a2f10b26
NeoBundleLock delimitMate 470c053a3ba673007a85237a1ac8415428fd8446
NeoBundleLock html5.vim a47aa2d274daf8675a2b20577b75d573f4c2dfc5
NeoBundleLock javascript-libraries-syntax.vim a5e1487a481248d3aaa58ebcdbc830034b777268
NeoBundleLock neobundle.vim c00b40688f335a2e116726c2f8e727fad6f03e4f
NeoBundleLock neomru.vim 7df9999b841228661ff73909c5b9e34952331e22
NeoBundleLock neosnippet 044c9cb8ca46a5e27eec37198990c26fe707b02a
NeoBundleLock nerdtree 3b98a7fcae8f9fff356907171f0406ff8cd28921
NeoBundleLock tcomment_vim eb675f0a2e847428c446e97c07e0c91fa8b6e3c5
NeoBundleLock tern_for_vim c677b663adc1e34f4419c70f278dc78d017e673b
NeoBundleLock tlib e80b95003206d6129fa9bf0544801c74dbc3ce05
NeoBundleLock vim-arpeggio d2a8214956511fbd199faf85ec39519d86700f67
NeoBundleLock vim-colors-solarized 528a59f26d12278698bb946f8fb82a63711eec21
NeoBundleLock vim-css3-syntax a292f07fbfaff7f11969b6411e4d8e602da9544e
NeoBundleLock vim-fugitive 34719016ec934609387e90804ad49b3d221f0b19
NeoBundleLock vim-javascript-syntax 386c24a265ebb7bc3891e5f698ca1c7d64486e7d
NeoBundleLock vim-json 3b812644bca0932f51f32c92d81c64813803b18b
NeoBundleLock vim-jsx efb24f487f4a61f9113fa4b2b64fe3ab5a030500
NeoBundleLock vim-repeat bd3b51723559ceefe36484fbd35524a98062ba8e
NeoBundleLock vim-snippets 147001fb019b63546a4f5b6c1201fc4a0bb89240
NeoBundleLock vim-stylus d28d8711b0b8b6616b2fd2b8faab74822be24165
NeoBundleLock vim-surround fa433e0b7330753688f715f3be5d10dc480f20e5
NeoBundleLock vim-togglecursor f8648e4658abebe77f9407362135564c6b89517e
NeoBundleLock vim-web-indent 54deed9d8be918cec50f2a30b42330cca29b489f
NeoBundleLock vimproc 98482672f888aec28ae3764e4432f7127ca8697b
